
Microsoft Visual Studio Solution File, Format Version 12.00
# Visual Studio Version 16
VisualStudioVersion = 16.0.29201.188
MinimumVisualStudioVersion = 10.0.40219.1
Project("{FAE04EC0-301F-11D3-BF4B-00C04F79EFBC}") = "XmlDbService", "XmlDbService.csproj", "{969FFDE0-8F4F-4B0D-BE23-78C35ADA1BCE}"
EndProject
Global
	GlobalSection(SolutionConfigurationPlatforms) = preSolution
		Debug|Any CPU = Debug|Any CPU
		Release|Any CPU = Release|Any CPU
	EndGlobalSection
	GlobalSection(ProjectConfigurationPlatforms) = postSolution
		{969FFDE0-8F4F-4B0D-BE23-78C35ADA1BCE}.Debug|Any CPU.ActiveCfg = Debug|Any CPU
		{969FFDE0-8F4F-4B0D-BE23-78C35ADA1BCE}.Debug|Any CPU.Build.0 = Debug|Any CPU
		{969FFDE0-8F4F-4B0D-BE23-78C35ADA1BCE}.Release|Any CPU.ActiveCfg = Release|Any CPU
		{969FFDE0-8F4F-4B0D-BE23-78C35ADA1BCE}.Release|Any CPU.Build.0 = Release|Any CPU
	EndGlobalSection
	GlobalSection(SolutionProperties) = preSolution
		HideSolutionNode = FALSE
	EndGlobalSection
	GlobalSection(ExtensibilityGlobals) = postSolution
		SolutionGuid = {C18E0330-9236-421B-B3D5-A9792642DB2C}
	EndGlobalSection
EndGlobal
